{
  "version": 4,
  "terraform_version": "1.0.7",
  "serial": 812,
  "lineage": "c9a6926c-f49e-d7a4-169a-494a9967e591",
  "outputs": {},
  "resources": [
    {
      "mode": "data",
      "type": "linode_domain",
      "name": "mbaza_domain",
      "provider": "provider[\"registry.terraform.io/linode/linode\"]",
      "instances": [
        {
          "schema_version": 0,
          "attributes": {
            "axfr_ips": [],
            "description": "",
            "domain": "mbaza.digital",
            "expire_sec": 604800,
            "group": "",
            "id": "1695602",
            "master_ips": [],
            "refresh_sec": 30,
            "retry_sec": 30,
            "soa_email": "devops@mbaza.digital",
            "status": "active",
            "tags": [],
            "ttl_sec": 30,
            "type": "master"
          },
          "sensitive_attributes": []
        }
      ]
    },
    {
      "mode": "managed",
      "type": "linode_domain_record",
      "name": "main_subdomain",
      "provider": "provider[\"registry.terraform.io/linode/linode\"]",
      "instances": [
        {
          "schema_version": 0,
          "attributes": {
            "domain_id": 1695602,
            "id": "19011043",
            "name": "dev",
            "port": 0,
            "priority": 0,
            "protocol": "",
            "record_type": "A",
            "service": "",
            "tag": "",
            "target": "185.3.92.42",
            "ttl_sec": 0,
            "weight": 0
          },
          "sensitive_attributes": [],
          "private": "bnVsbA==",
          "dependencies": [
            "data.linode_domain.mbaza_domain",
            "linode_nodebalancer.mbaza_node_balancer"
          ]
        }
      ]
    },
    {
      "mode": "managed",
      "type": "linode_domain_record",
      "name": "managers_subdomain",
      "provider": "provider[\"registry.terraform.io/linode/linode\"]",
      "instances": [
        {
          "index_key": 0,
          "schema_version": 0,
          "attributes": {
            "domain_id": 1695602,
            "id": "19011088",
            "name": "m1.dev",
            "port": 0,
            "priority": 0,
            "protocol": "",
            "record_type": "A",
            "service": "",
            "tag": "",
            "target": "176.58.123.85",
            "ttl_sec": 0,
            "weight": 0
          },
          "sensitive_attributes": [],
          "private": "bnVsbA==",
          "dependencies": [
            "data.linode_domain.mbaza_domain",
            "module.mbaza_docker_swarm.linode_instance.mbaza_dev_docker_swarm_managers"
          ]
        }
      ]
    },
    {
      "mode": "managed",
      "type": "linode_domain_record",
      "name": "wildcard_subdomain",
      "provider": "provider[\"registry.terraform.io/linode/linode\"]",
      "instances": [
        {
          "schema_version": 0,
          "attributes": {
            "domain_id": 1695602,
            "id": "19011042",
            "name": "*.dev",
            "port": 0,
            "priority": 0,
            "protocol": "",
            "record_type": "A",
            "service": "",
            "tag": "",
            "target": "185.3.92.42",
            "ttl_sec": 0,
            "weight": 0
          },
          "sensitive_attributes": [],
          "private": "bnVsbA==",
          "dependencies": [
            "data.linode_domain.mbaza_domain",
            "linode_nodebalancer.mbaza_node_balancer"
          ]
        }
      ]
    },
    {
      "mode": "managed",
      "type": "linode_domain_record",
      "name": "workers_subdomain",
      "provider": "provider[\"registry.terraform.io/linode/linode\"]",
      "instances": [
        {
          "index_key": 0,
          "schema_version": 0,
          "attributes": {
            "domain_id": 1695602,
            "id": "19011087",
            "name": "w1.dev",
            "port": 0,
            "priority": 0,
            "protocol": "",
            "record_type": "A",
            "service": "",
            "tag": "",
            "target": "178.79.132.128",
            "ttl_sec": 0,
            "weight": 0
          },
          "sensitive_attributes": [],
          "private": "bnVsbA==",
          "dependencies": [
            "data.linode_domain.mbaza_domain",
            "module.mbaza_docker_swarm.linode_instance.mbaza_dev_docker_swarm_workers"
          ]
        }
      ]
    },
    {
      "mode": "managed",
      "type": "linode_firewall",
      "name": "docker-swarm-firewall",
      "provider": "provider[\"registry.terraform.io/linode/linode\"]",
      "instances": [
        {
          "schema_version": 0,
          "attributes": {
            "devices": [
              {
                "entity_id": 30455588,
                "id": 46009,
                "label": "mbaza_dev_docker_swarm_manager_1",
                "type": "linode",
                "url": "/v4/linode/instances/30455588"
              },
              {
                "entity_id": 30455590,
                "id": 46010,
                "label": "mbaza_dev_docker_swarm_worker_1",
                "type": "linode",
                "url": "/v4/linode/instances/30455590"
              }
            ],
            "disabled": false,
            "id": "25277",
            "inbound": [
              {
                "action": "ACCEPT",
                "ipv4": [
                  "0.0.0.0/0"
                ],
                "ipv6": [
                  "ff00::/8"
                ],
                "label": "allow-ssh",
                "ports": "22",
                "protocol": "TCP"
              },
              {
                "action": "ACCEPT",
                "ipv4": [
                  "0.0.0.0/0"
                ],
                "ipv6": [
                  "ff00::/8"
                ],
                "label": "allow-http",
                "ports": "80",
                "protocol": "TCP"
              },
              {
                "action": "ACCEPT",
                "ipv4": [
                  "0.0.0.0/0"
                ],
                "ipv6": [
                  "ff00::/8"
                ],
                "label": "allow-https",
                "ports": "443",
                "protocol": "TCP"
              },
              {
                "action": "ACCEPT",
                "ipv4": [
                  "0.0.0.0/0"
                ],
                "ipv6": [
                  "ff00::/8"
                ],
                "label": "allow-portainer",
                "ports": "9000",
                "protocol": "TCP"
              },
              {
                "action": "ACCEPT",
                "ipv4": [
                  "192.168.0.0/16"
                ],
                "ipv6": [],
                "label": "allow-docker-swarm-tcp",
                "ports": "2377,7946",
                "protocol": "TCP"
              },
              {
                "action": "ACCEPT",
                "ipv4": [
                  "192.168.0.0/16"
                ],
                "ipv6": [],
                "label": "allow-docker-swarm-udp",
                "ports": "4789,7946",
                "protocol": "UDP"
              }
            ],
            "inbound_policy": "DROP",
            "label": "docker-swarm-firewall",
            "linodes": [
              30455588,
              30455590
            ],
            "outbound": [],
            "outbound_policy": "ACCEPT",
            "status": "enabled",
            "tags": [
              "docker swarm, dev, mbaza"
            ]
          },
          "sensitive_attributes": [],
          "private": "bnVsbA==",
          "dependencies": [
            "module.mbaza_docker_swarm.linode_instance.mbaza_dev_docker_swarm_managers",
            "module.mbaza_docker_swarm.linode_instance.mbaza_dev_docker_swarm_workers"
          ]
        }
      ]
    },
    {
      "mode": "managed",
      "type": "linode_nodebalancer",
      "name": "mbaza_node_balancer",
      "provider": "provider[\"registry.terraform.io/linode/linode\"]",
      "instances": [
        {
          "schema_version": 1,
          "attributes": {
            "client_conn_throttle": 20,
            "created": "2021-09-28T07:31:33Z",
            "hostname": "nb-185-3-92-42.london.nodebalancer.linode.com",
            "id": "166866",
            "ipv4": "185.3.92.42",
            "ipv6": "2a01:7e00:1::b903:5c2a",
            "label": "dev",
            "region": "eu-west",
            "tags": [
              "dev",
              "mbaza"
            ],
            "transfer": [
              {
                "in": 0,
                "out": 0,
                "total": 0
              }
            ],
            "updated": "2021-09-28T07:31:33Z"
          },
          "sensitive_attributes": [],
          "private": "eyJzY2hlbWFfdmVyc2lvbiI6IjEifQ=="
        }
      ]
    },
    {
      "mode": "managed",
      "type": "linode_nodebalancer_config",
      "name": "http",
      "provider": "provider[\"registry.terraform.io/linode/linode\"]",
      "instances": [
        {
          "schema_version": 1,
          "attributes": {
            "algorithm": "roundrobin",
            "check": "http",
            "check_attempts": 3,
            "check_body": "",
            "check_interval": 10,
            "check_passive": true,
            "check_path": "/",
            "check_timeout": 5,
            "cipher_suite": "recommended",
            "id": "231199",
            "node_status": [
              {
                "down": 1,
                "up": 0
              }
            ],
            "nodebalancer_id": 166866,
            "port": 80,
            "protocol": "http",
            "proxy_protocol": "none",
            "ssl_cert": null,
            "ssl_commonname": "",
            "ssl_fingerprint": "",
            "ssl_key": null,
            "stickiness": "none"
          },
          "sensitive_attributes": [],
          "private": "eyJzY2hlbWFfdmVyc2lvbiI6IjEifQ==",
          "dependencies": [
            "linode_nodebalancer.mbaza_node_balancer"
          ]
        }
      ]
    },
    {
      "mode": "managed",
      "type": "linode_nodebalancer_config",
      "name": "https",
      "provider": "provider[\"registry.terraform.io/linode/linode\"]",
      "instances": [
        {
          "schema_version": 1,
          "attributes": {
            "algorithm": "roundrobin",
            "check": "http",
            "check_attempts": 3,
            "check_body": "",
            "check_interval": 10,
            "check_passive": true,
            "check_path": "/",
            "check_timeout": 5,
            "cipher_suite": "recommended",
            "id": "231200",
            "node_status": [
              {
                "down": 1,
                "up": 0
              }
            ],
            "nodebalancer_id": 166866,
            "port": 443,
            "protocol": "https",
            "proxy_protocol": "none",
            "ssl_cert": "-----BEGIN CERTIFICATE-----\nMIIFKDCCBBCgAwIBAgISA1pb+hFgJlLuUibBUQAPRsCKMA0GCSqGSIb3DQEBCwUA\nMDIxCzAJBgNVBAYTAlVTMRYwFAYDVQQKEw1MZXQncyBFbmNyeXB0MQswCQYDVQQD\nEwJSMzAeFw0yMTA5MjcxNDQ2NDdaFw0yMTEyMjYxNDQ2NDZaMBwxGjAYBgNVBAMT\nEWRldi5tYmF6YS5kaWdpdGFsMIIBIjANBgkqhkiG9w0BAQEFAAOCAQ8AMIIBCgKC\nAQEAqOCXsAMldRm86Yt6uTFP8n9Hh1pikoKNaeFmZymQjbInuFavKoTTKVH6igqG\nZgade21b+99SOsHdw3n/JvSEsI0rxsD04qT/2//s7mHcaqwVYKu9fz/X+NYoUSji\nlGF0eih+IU7Kd/DvK9gNwVdw8QE50V/TdZPUbdzYGr32z76EQ4ZygDLLjoHjuKfA\nuUEyRZ2I3f7PR85F2x9xg6vghYQo5r2OyF/6bgkBcGmg1N9HT9NF+vXWk84ZA9sV\nCl9DNKruZYT4bkxAxcCISsa6bV5xkCA28hN+bvBaX1s1c+LLJva+lE4al21NBe2K\nJdqnqbwd/QZ5AZCqCPo+qKxbzQIDAQABo4ICTDCCAkgwDgYDVR0PAQH/BAQDAgWg\nMB0GA1UdJQQWMBQGCCsGAQUFBwMBBggrBgEFBQcDAjAMBgNVHRMBAf8EAjAAMB0G\nA1UdDgQWBBTK6AGcSTPk5xQNCVUMadHbVCYiRzAfBgNVHSMEGDAWgBQULrMXt1hW\ny65QCUDmH6+dixTCxjBVBggrBgEFBQcBAQRJMEcwIQYIKwYBBQUHMAGGFWh0dHA6\nLy9yMy5vLmxlbmNyLm9yZzAiBggrBgEFBQcwAoYWaHR0cDovL3IzLmkubGVuY3Iu\nb3JnLzAcBgNVHREEFTATghFkZXYubWJhemEuZGlnaXRhbDBMBgNVHSAERTBDMAgG\nBmeBDAECATA3BgsrBgEEAYLfEwEBATAoMCYGCCsGAQUFBwIBFhpodHRwOi8vY3Bz\nLmxldHNlbmNyeXB0Lm9yZzCCAQQGCisGAQQB1nkCBAIEgfUEgfIA8AB2APZclC/R\ndzAiFFQYCDCUVo7jTRMZM7/fDC8gC8xO8WTjAAABfCfv7TcAAAQDAEcwRQIhALYa\nMgK8tanIAel8cTs4Gjst8+e1s35A19/vpsSB6/+IAiAx091Ol8AIdpai5sHyHScd\ndQ0hL03h8F62rfqjFHM5fgB2AG9Tdqwx8DEZ2JkApFEV/3cVHBHZAsEAKQaNsgia\nN9kTAAABfCfv7pIAAAQDAEcwRQIgJR1K4QTjaXWqBzTVNRfakMNL6OgKCkS8shYj\nFqfw7uwCIQD0EowcYo3ZnHiaLQLyVRJdM9FuSWeDop5RKfzR7HUk1DANBgkqhkiG\n9w0BAQsFAAOCAQEAOokSElpRwBUN+eJCCfwHFTGRFRNDHpXVuYYXeZryDSFUpQ8s\nGmacPtxE6FWUYFF4yHY0sK9hjLerwAu6Ks89cPRZgNAgjyXK7lNBuyMeELr8DTFJ\nLKZ7vz5qC57WqFruJDEy35r6rFtYt8lQRk/IZFrERE2cO9OhMfdnJnsGpGvsxFU3\nhg1LZYsBJH5+2x+y7lvr/QV6i7Nl2g4cSISqYto7oBin9RyXolOQh2QHMl07AsN8\nHRW7DqZzxKbnfe1cJQGCv5aehCtxhP+FOKeBxDIfHf7fwU/dgRErSzbJ1QSMymTr\nopZilhjf3+qNVJ9Es4Zi2RUGYQOar5GZ43WlsA==\n-----END CERTIFICATE-----\n-----BEGIN CERTIFICATE-----\nMIIFFjCCAv6gAwIBAgIRAJErCErPDBinU/bWLiWnX1owDQYJKoZIhvcNAQELBQAw\nTzELMAkGA1UEBhMCVVMxKTAnBgNVBAoTIEludGVybmV0IFNlY3VyaXR5IFJlc2Vh\ncmNoIEdyb3VwMRUwEwYDVQQDEwxJU1JHIFJvb3QgWDEwHhcNMjAwOTA0MDAwMDAw\nWhcNMjUwOTE1MTYwMDAwWjAyMQswCQYDVQQGEwJVUzEWMBQGA1UEChMNTGV0J3Mg\nRW5jcnlwdDELMAkGA1UEAxMCUjMwggEiMA0GCSqGSIb3DQEBAQUAA4IBDwAwggEK\nAoIBAQC7AhUozPaglNMPEuyNVZLD+ILxmaZ6QoinXSaqtSu5xUyxr45r+XXIo9cP\nR5QUVTVXjJ6oojkZ9YI8QqlObvU7wy7bjcCwXPNZOOftz2nwWgsbvsCUJCWH+jdx\nsxPnHKzhm+/b5DtFUkWWqcFTzjTIUu61ru2P3mBw4qVUq7ZtDpelQDRrK9O8Zutm\nNHz6a4uPVymZ+DAXXbpyb/uBxa3Shlg9F8fnCbvxK/eG3MHacV3URuPMrSXBiLxg\nZ3Vms/EY96Jc5lP/Ooi2R6X/ExjqmAl3P51T+c8B5fWmcBcUr2Ok/5mzk53cU6cG\n/kiFHaFpriV1uxPMUgP17VGhi9sVAgMBAAGjggEIMIIBBDAOBgNVHQ8BAf8EBAMC\nAYYwHQYDVR0lBBYwFAYIKwYBBQUHAwIGCCsGAQUFBwMBMBIGA1UdEwEB/wQIMAYB\nAf8CAQAwHQYDVR0OBBYEFBQusxe3WFbLrlAJQOYfr52LFMLGMB8GA1UdIwQYMBaA\nFHm0WeZ7tuXkAXOACIjIGlj26ZtuMDIGCCsGAQUFBwEBBCYwJDAiBggrBgEFBQcw\nAoYWaHR0cDovL3gxLmkubGVuY3Iub3JnLzAnBgNVHR8EIDAeMBygGqAYhhZodHRw\nOi8veDEuYy5sZW5jci5vcmcvMCIGA1UdIAQbMBkwCAYGZ4EMAQIBMA0GCysGAQQB\ngt8TAQEBMA0GCSqGSIb3DQEBCwUAA4ICAQCFyk5HPqP3hUSFvNVneLKYY611TR6W\nPTNlclQtgaDqw+34IL9fzLdwALduO/ZelN7kIJ+m74uyA+eitRY8kc607TkC53wl\nikfmZW4/RvTZ8M6UK+5UzhK8jCdLuMGYL6KvzXGRSgi3yLgjewQtCPkIVz6D2QQz\nCkcheAmCJ8MqyJu5zlzyZMjAvnnAT45tRAxekrsu94sQ4egdRCnbWSDtY7kh+BIm\nlJNXoB1lBMEKIq4QDUOXoRgffuDghje1WrG9ML+Hbisq/yFOGwXD9RiX8F6sw6W4\navAuvDszue5L3sz85K+EC4Y/wFVDNvZo4TYXao6Z0f+lQKc0t8DQYzk1OXVu8rp2\nyJMC6alLbBfODALZvYH7n7do1AZls4I9d1P4jnkDrQoxB3UqQ9hVl3LEKQ73xF1O\nyK5GhDDX8oVfGKF5u+decIsH4YaTw7mP3GFxJSqv3+0lUFJoi5Lc5da149p90Ids\nhCExroL1+7mryIkXPeFM5TgO9r0rvZaBFOvV2z0gp35Z0+L4WPlbuEjN/lxPFin+\nHlUjr8gRsI3qfJOQFy/9rKIJR0Y/8Omwt/8oTWgy1mdeHmmjk7j1nYsvC9JSQ6Zv\nMldlTTKB3zhThV1+XWYp6rjd5JW1zbVWEkLNxE7GJThEUG3szgBVGP7pSWTUTsqX\nnLRbwHOoq7hHwg==\n-----END CERTIFICATE-----\n-----BEGIN CERTIFICATE-----\nMIIFYDCCBEigAwIBAgIQQAF3ITfU6UK47naqPGQKtzANBgkqhkiG9w0BAQsFADA/\nMSQwIgYDVQQKExtEaWdpdGFsIFNpZ25hdHVyZSBUcnVzdCBDby4xFzAVBgNVBAMT\nDkRTVCBSb290IENBIFgzMB4XDTIxMDEyMDE5MTQwM1oXDTI0MDkzMDE4MTQwM1ow\nTzELMAkGA1UEBhMCVVMxKTAnBgNVBAoTIEludGVybmV0IFNlY3VyaXR5IFJlc2Vh\ncmNoIEdyb3VwMRUwEwYDVQQDEwxJU1JHIFJvb3QgWDEwggIiMA0GCSqGSIb3DQEB\nAQUAA4ICDwAwggIKAoICAQCt6CRz9BQ385ueK1coHIe+3LffOJCMbjzmV6B493XC\nov71am72AE8o295ohmxEk7axY/0UEmu/H9LqMZshftEzPLpI9d1537O4/xLxIZpL\nwYqGcWlKZmZsj348cL+tKSIG8+TA5oCu4kuPt5l+lAOf00eXfJlII1PoOK5PCm+D\nLtFJV4yAdLbaL9A4jXsDcCEbdfIwPPqPrt3aY6vrFk/CjhFLfs8L6P+1dy70sntK\n4EwSJQxwjQMpoOFTJOwT2e4ZvxCzSow/iaNhUd6shweU9GNx7C7ib1uYgeGJXDR5\nbHbvO5BieebbpJovJsXQEOEO3tkQjhb7t/eo98flAgeYjzYIlefiN5YNNnWe+w5y\nsR2bvAP5SQXYgd0FtCrWQemsAXaVCg/Y39W9Eh81LygXbNKYwagJZHduRze6zqxZ\nXmidf3LWicUGQSk+WT7dJvUkyRGnWqNMQB9GoZm1pzpRboY7nn1ypxIFeFntPlF4\nFQsDj43QLwWyPntKHEtzBRL8xurgUBN8Q5N0s8p0544fAQjQMNRbcTa0B7rBMDBc\nSLeCO5imfWCKoqMpgsy6vYMEG6KDA0Gh1gXxG8K28Kh8hjtGqEgqiNx2mna/H2ql\nPRmP6zjzZN7IKw0KKP/32+IVQtQi0Cdd4Xn+GOdwiK1O5tmLOsbdJ1Fu/7xk9TND\nTwIDAQABo4IBRjCCAUIwDwYDVR0TAQH/BAUwAwEB/zAOBgNVHQ8BAf8EBAMCAQYw\nSwYIKwYBBQUHAQEEPzA9MDsGCCsGAQUFBzAChi9odHRwOi8vYXBwcy5pZGVudHJ1\nc3QuY29tL3Jvb3RzL2RzdHJvb3RjYXgzLnA3YzAfBgNVHSMEGDAWgBTEp7Gkeyxx\n+tvhS5B1/8QVYIWJEDBUBgNVHSAETTBLMAgGBmeBDAECATA/BgsrBgEEAYLfEwEB\nATAwMC4GCCsGAQUFBwIBFiJodHRwOi8vY3BzLnJvb3QteDEubGV0c2VuY3J5cHQu\nb3JnMDwGA1UdHwQ1MDMwMaAvoC2GK2h0dHA6Ly9jcmwuaWRlbnRydXN0LmNvbS9E\nU1RST09UQ0FYM0NSTC5jcmwwHQYDVR0OBBYEFHm0WeZ7tuXkAXOACIjIGlj26Ztu\nMA0GCSqGSIb3DQEBCwUAA4IBAQAKcwBslm7/DlLQrt2M51oGrS+o44+/yQoDFVDC\n5WxCu2+b9LRPwkSICHXM6webFGJueN7sJ7o5XPWioW5WlHAQU7G75K/QosMrAdSW\n9MUgNTP52GE24HGNtLi1qoJFlcDyqSMo59ahy2cI2qBDLKobkx/J3vWraV0T9VuG\nWCLKTVXkcGdtwlfFRjlBz4pYg1htmf5X6DYO8A4jqv2Il9DjXA6USbW1FzXSLr9O\nhe8Y4IWS6wY7bCkjCWDcRQJMEhg76fsO3txE+FiYruq9RUWhiF1myv4Q6W+CyBFC\nDfvp7OOGAN6dEOM4+qR9sdjoSYKEBpsr6GtPAQw4dy753ec5\n-----END CERTIFICATE-----\n",
            "ssl_commonname": "dev.mbaza.digital",
            "ssl_fingerprint": "B6:E7:C9:2B:DA:1E:F5:FE:DE:35:79:D4:68:D0:F6:7F:51:5E:CB:5C",
            "ssl_key": "-----BEGIN PRIVATE KEY-----\nMIIEvgIBADANBgkqhkiG9w0BAQEFAASCBKgwggSkAgEAAoIBAQCo4JewAyV1Gbzp\ni3q5MU/yf0eHWmKSgo1p4WZnKZCNsie4Vq8qhNMpUfqKCoZmBp17bVv731I6wd3D\nef8m9ISwjSvGwPTipP/b/+zuYdxqrBVgq71/P9f41ihRKOKUYXR6KH4hTsp38O8r\n2A3BV3DxATnRX9N1k9Rt3NgavfbPvoRDhnKAMsuOgeO4p8C5QTJFnYjd/s9HzkXb\nH3GDq+CFhCjmvY7IX/puCQFwaaDU30dP00X69daTzhkD2xUKX0M0qu5lhPhuTEDF\nwIhKxrptXnGQIDbyE35u8FpfWzVz4ssm9r6UThqXbU0F7Yol2qepvB39BnkBkKoI\n+j6orFvNAgMBAAECggEASGAQwk9m4zvHmbO8QdgfckcYKasT6cRnxMPj9jx7Bi8f\nFMKZybgpI2FN5ZFDLkCRh49Dx7ta63GgkCEdt909bMjjxQd3LBcYzHlvWm64X0Mm\n2kpgKUP8VFm756SFDqCBocTu4Wl6HlM0vW6X3o+SCMfEtrXB03cqqHboavWU7E0A\nlCd4Xk8XrgxdXzJ2GnLMm8zjAfy3AJyEjee0U6SO0nguCIAPDefN12MjRvvDFiNY\noZCC39ebi7pKgh7zn5nHg8C3niEAzY1HeNxSOrhgfUxXcDaCu/BwcOuG4f9cEycv\nCLhhASw18Z7E9JWD/HklViXR2mJIgCoqbrTQHjCOYQKBgQDeZcXrv6iO5jFyYNiF\nPSmwtrudjxqGZdspsgKoD5RuWMizL/D/ikgqnRsqOZT3NyVK0CPBKyk26SJIc2Xn\n2by41m1j0CQFWyCMPeimAwPkxUFaRLeZ9P6FC/TD9jkAGsZm1+fxQ+0k0n9pEksi\nZDXUO+lrbZCCWiCU0zp47u0yBQKBgQDCZK7nOO4BOGV8AHwRjwYKx/iwZJiSAW0w\nSBl56rfk4YTi8hHvMQ0owQiToPgZaCW2kFF/k6XpJSBeh0/IKyTw7d162Bdp/w3f\ng3YJ3UeO/qFfZ1qyIVaFv0uKxEIwzeui74ihIXuEy83iUSUvQWkEnhLvzuflcRTu\nmhkRr6RFKQKBgQC4HaltMo5pP0lQV7zpEWmiUqWgGwjqmwiFzElGuR84+2escNQj\numdkYAxNOL6Kq6zD8uymzwSf4QHw2RhUiX4jx+Fn8Ljhdj/L2rTwOy7OBj/Ea39U\nhe7wVqWcVgt6erAmFDiBFKsPAPVaFzr8jdnCipcDyQEJ6XNvwi92TtcvwQKBgAsW\nZwt1Kc4UA2XROUJfH/8ZbMvS0Qjy3+FzG1Di3F5HpqazG+bCq3d5mx2gfsYkNJJ3\nJM7cAwiLP49ktF48Z7z+NDW/gYZgL9Bh1Se24U/8ogOpB3lFgYPbZ1mg3A2gkSIX\n+3kFSeBHJ5US/8X0OyMySO44pO1nR8RcMbXaiMoRAoGBAMBmeP3tHPUjZc16bQcw\n/cKIcW7PtBBtIm4p/yrfaW9LXs1dquqMDrJafVUp3VQAWYVCtOAWL4lA/3ErECWf\nnOSpVw3EPWXJOBdFzvHYN4THrmG2LKTfBUubfJFT7WOUBuzKRTFCQEf0TGDelIkf\nHWX61wSG9Rb4oo1obU8ONF+s\n-----END PRIVATE KEY-----\n",
            "stickiness": "none"
          },
          "sensitive_attributes": [],
          "private": "eyJzY2hlbWFfdmVyc2lvbiI6IjEifQ==",
          "dependencies": [
            "linode_nodebalancer.mbaza_node_balancer",
            "null_resource.setup_certificates"
          ]
        }
      ]
    },
    {
      "mode": "managed",
      "type": "linode_nodebalancer_node",
      "name": "http_node",
      "provider": "provider[\"registry.terraform.io/linode/linode\"]",
      "instances": [
        {
          "index_key": 0,
          "schema_version": 0,
          "attributes": {
            "address": "192.168.135.21:80",
            "config_id": 231199,
            "id": "29929757",
            "label": "httpnode",
            "mode": "accept",
            "nodebalancer_id": 166866,
            "status": "Unknown",
            "weight": 50
          },
          "sensitive_attributes": [],
          "private": "bnVsbA==",
          "dependencies": [
            "linode_nodebalancer.mbaza_node_balancer",
            "linode_nodebalancer_config.http",
            "module.mbaza_docker_swarm.linode_instance.mbaza_dev_docker_swarm_managers"
          ]
        }
      ]
    },
    {
      "mode": "managed",
      "type": "linode_nodebalancer_node",
      "name": "https_node",
      "provider": "provider[\"registry.terraform.io/linode/linode\"]",
      "instances": [
        {
          "index_key": 0,
          "schema_version": 0,
          "attributes": {
            "address": "192.168.135.21:443",
            "config_id": 231200,
            "id": "29929756",
            "label": "httpsnode",
            "mode": "accept",
            "nodebalancer_id": 166866,
            "status": "Unknown",
            "weight": 50
          },
          "sensitive_attributes": [],
          "private": "bnVsbA==",
          "dependencies": [
            "linode_nodebalancer_config.https",
            "module.mbaza_docker_swarm.linode_instance.mbaza_dev_docker_swarm_managers",
            "null_resource.setup_certificates",
            "linode_nodebalancer.mbaza_node_balancer"
          ]
        }
      ]
    },
    {
      "mode": "managed",
      "type": "null_resource",
      "name": "setup_certificates",
      "provider": "provider[\"registry.terraform.io/hashicorp/null\"]",
      "instances": [
        {
          "schema_version": 0,
          "attributes": {
            "id": "8902439574573801760",
            "triggers": null
          },
          "sensitive_attributes": [],
          "private": "bnVsbA=="
        }
      ]
    },
    {
      "module": "module.mbaza_docker_swarm",
      "mode": "data",
      "type": "linode_object_storage_cluster",
      "name": "primary",
      "provider": "provider[\"registry.terraform.io/linode/linode\"]",
      "instances": [
        {
          "schema_version": 0,
          "attributes": {
            "domain": "us-east-1.linodeobjects.com",
            "id": "us-east-1",
            "region": "us-east",
            "static_site_domain": "website-us-east-1.linodeobjects.com",
            "status": "available"
          },
          "sensitive_attributes": []
        }
      ]
    },
    {
      "module": "module.mbaza_docker_swarm",
      "mode": "managed",
      "type": "linode_instance",
      "name": "mbaza_dev_docker_swarm_managers",
      "provider": "provider[\"registry.terraform.io/linode/linode\"]",
      "instances": [
        {
          "index_key": 0,
          "schema_version": 0,
          "attributes": {
            "alerts": [
              {
                "cpu": 90,
                "io": 10000,
                "network_in": 10,
                "network_out": 10,
                "transfer_quota": 80
              }
            ],
            "authorized_keys": [],
            "authorized_users": null,
            "backup_id": null,
            "backups": [
              {
                "enabled": false,
                "schedule": [
                  {
                    "day": "",
                    "window": ""
                  }
                ]
              }
            ],
            "backups_enabled": false,
            "boot_config_label": "My private-image-20210915150647 Profile",
            "config": [
              {
                "comments": "",
                "devices": [
                  {
                    "sda": [
                      {
                        "disk_id": 61473713,
                        "disk_label": "private-image-20210915150647",
                        "volume_id": 0
                      }
                    ],
                    "sdb": [
                      {
                        "disk_id": 61473714,
                        "disk_label": "1024 MB Swap Image",
                        "volume_id": 0
                      }
                    ],
                    "sdc": [],
                    "sdd": [],
                    "sde": [],
                    "sdf": [],
                    "sdg": [],
                    "sdh": []
                  }
                ],
                "helpers": [
                  {
                    "devtmpfs_automount": true,
                    "distro": true,
                    "modules_dep": true,
                    "network": true,
                    "updatedb_disabled": true
                  }
                ],
                "interface": [],
                "kernel": "linode/latest-64bit",
                "label": "My private-image-20210915150647 Profile",
                "memory_limit": 0,
                "root_device": "/dev/sda",
                "run_level": "default",
                "virt_mode": "paravirt"
              }
            ],
            "disk": [
              {
                "authorized_keys": [],
                "authorized_users": [],
                "filesystem": "ext4",
                "id": 61473713,
                "image": "",
                "label": "private-image-20210915150647",
                "read_only": false,
                "root_pass": "",
                "size": 50176,
                "stackscript_data": {},
                "stackscript_id": 0
              },
              {
                "authorized_keys": [],
                "authorized_users": [],
                "filesystem": "swap",
                "id": 61473714,
                "image": "",
                "label": "1024 MB Swap Image",
                "read_only": false,
                "root_pass": "",
                "size": 1024,
                "stackscript_data": {},
                "stackscript_id": 0
              }
            ],
            "group": "mbaza-dev",
            "id": "30455588",
            "image": "private/13848656",
            "interface": [],
            "ip_address": "176.58.123.85",
            "ipv4": [
              "176.58.123.85",
              "192.168.135.21"
            ],
            "ipv6": "2a01:7e00::f03c:92ff:fed3:71c8/128",
            "label": "mbaza_dev_docker_swarm_manager_1",
            "private_ip": true,
            "private_ip_address": "192.168.135.21",
            "region": "eu-west",
            "root_pass": "Ndz+nf5O8ejmdUig7viXB9q5yv+Io+O4uPJwjhappp+ySizc1RszrhRcjkG2zFCRkWmlnlrNKOUWC1ym8IHSbw==",
            "specs": [
              {
                "disk": 51200,
                "memory": 2048,
                "transfer": 2000,
                "vcpus": 1
              }
            ],
            "stackscript_data": null,
            "stackscript_id": null,
            "status": "running",
            "swap_size": 1024,
            "tags": [
              "development",
              "docker-swarm",
              "master",
              "mbaza"
            ],
            "timeouts": null,
            "type": "g6-standard-1",
            "watchdog_enabled": true
          },
          "sensitive_attributes": [],
          "private": "eyJlMmJmYjczMC1lY2FhLTExZTYtOGY4OC0zNDM2M2JjN2M0YzAiOnsiY3JlYXRlIjo2MDAwMDAwMDAwMDAsImRlbGV0ZSI6NjAwMDAwMDAwMDAwLCJ1cGRhdGUiOjEyMDAwMDAwMDAwMDB9fQ=="
        }
      ]
    },
    {
      "module": "module.mbaza_docker_swarm",
      "mode": "managed",
      "type": "linode_instance",
      "name": "mbaza_dev_docker_swarm_workers",
      "provider": "provider[\"registry.terraform.io/linode/linode\"]",
      "instances": [
        {
          "index_key": 0,
          "schema_version": 0,
          "attributes": {
            "alerts": [
              {
                "cpu": 90,
                "io": 10000,
                "network_in": 10,
                "network_out": 10,
                "transfer_quota": 80
              }
            ],
            "authorized_keys": [],
            "authorized_users": null,
            "backup_id": null,
            "backups": [
              {
                "enabled": false,
                "schedule": [
                  {
                    "day": "",
                    "window": ""
                  }
                ]
              }
            ],
            "backups_enabled": false,
            "boot_config_label": "My private-image-20210915150647 Profile",
            "config": [
              {
                "comments": "",
                "devices": [
                  {
                    "sda": [
                      {
                        "disk_id": 61473717,
                        "disk_label": "private-image-20210915150647",
                        "volume_id": 0
                      }
                    ],
                    "sdb": [
                      {
                        "disk_id": 61473718,
                        "disk_label": "1024 MB Swap Image",
                        "volume_id": 0
                      }
                    ],
                    "sdc": [],
                    "sdd": [],
                    "sde": [],
                    "sdf": [],
                    "sdg": [],
                    "sdh": []
                  }
                ],
                "helpers": [
                  {
                    "devtmpfs_automount": true,
                    "distro": true,
                    "modules_dep": true,
                    "network": true,
                    "updatedb_disabled": true
                  }
                ],
                "interface": [],
                "kernel": "linode/latest-64bit",
                "label": "My private-image-20210915150647 Profile",
                "memory_limit": 0,
                "root_device": "/dev/sda",
                "run_level": "default",
                "virt_mode": "paravirt"
              }
            ],
            "disk": [
              {
                "authorized_keys": [],
                "authorized_users": [],
                "filesystem": "ext4",
                "id": 61473717,
                "image": "",
                "label": "private-image-20210915150647",
                "read_only": false,
                "root_pass": "",
                "size": 50176,
                "stackscript_data": {},
                "stackscript_id": 0
              },
              {
                "authorized_keys": [],
                "authorized_users": [],
                "filesystem": "swap",
                "id": 61473718,
                "image": "",
                "label": "1024 MB Swap Image",
                "read_only": false,
                "root_pass": "",
                "size": 1024,
                "stackscript_data": {},
                "stackscript_id": 0
              }
            ],
            "group": "mbaza-dev",
            "id": "30455590",
            "image": "private/13848656",
            "interface": [],
            "ip_address": "178.79.132.128",
            "ipv4": [
              "178.79.132.128",
              "192.168.135.237"
            ],
            "ipv6": "2a01:7e00::f03c:92ff:fed3:7189/128",
            "label": "mbaza_dev_docker_swarm_worker_1",
            "private_ip": true,
            "private_ip_address": "192.168.135.237",
            "region": "eu-west",
            "root_pass": "Ndz+nf5O8ejmdUig7viXB9q5yv+Io+O4uPJwjhappp+ySizc1RszrhRcjkG2zFCRkWmlnlrNKOUWC1ym8IHSbw==",
            "specs": [
              {
                "disk": 51200,
                "memory": 2048,
                "transfer": 2000,
                "vcpus": 1
              }
            ],
            "stackscript_data": null,
            "stackscript_id": null,
            "status": "running",
            "swap_size": 1024,
            "tags": [
              "development",
              "docker-swarm",
              "master",
              "mbaza"
            ],
            "timeouts": null,
            "type": "g6-standard-1",
            "watchdog_enabled": true
          },
          "sensitive_attributes": [],
          "private": "eyJlMmJmYjczMC1lY2FhLTExZTYtOGY4OC0zNDM2M2JjN2M0YzAiOnsiY3JlYXRlIjo2MDAwMDAwMDAwMDAsImRlbGV0ZSI6NjAwMDAwMDAwMDAwLCJ1cGRhdGUiOjEyMDAwMDAwMDAwMDB9fQ=="
        }
      ]
    },
    {
      "module": "module.mbaza_docker_swarm",
      "mode": "managed",
      "type": "linode_object_storage_bucket",
      "name": "docker_swarm_bucket",
      "provider": "provider[\"registry.terraform.io/linode/linode\"]",
      "instances": [
        {
          "schema_version": 0,
          "attributes": {
            "access_key": "DOAV6P7692B64PLL8A80",
            "acl": "private",
            "cert": [],
            "cluster": "us-east-1",
            "cors_enabled": true,
            "id": "us-east-1:docker-swarm-bucket",
            "label": "docker-swarm-bucket",
            "lifecycle_rule": [],
            "secret_key": "qt5hUupKXeCv4KDjlhtqbNWuctfHj4tBjpmwwnja ",
            "versioning": null
          },
          "sensitive_attributes": [],
          "private": "bnVsbA==",
          "dependencies": [
            "module.mbaza_docker_swarm.data.linode_object_storage_cluster.primary"
          ]
        }
      ]
    },
    {
      "module": "module.mbaza_docker_swarm",
      "mode": "managed",
      "type": "null_resource",
      "name": "deploy_files",
      "provider": "provider[\"registry.terraform.io/hashicorp/null\"]",
      "instances": [
        {
          "schema_version": 0,
          "attributes": {
            "id": "1015361991332127744",
            "triggers": null
          },
          "sensitive_attributes": [],
          "private": "bnVsbA==",
          "dependencies": [
            "module.mbaza_docker_swarm.linode_instance.mbaza_dev_docker_swarm_managers"
          ]
        }
      ]
    },
    {
      "module": "module.mbaza_docker_swarm",
      "mode": "managed",
      "type": "null_resource",
      "name": "init_swarm_leader",
      "provider": "provider[\"registry.terraform.io/hashicorp/null\"]",
      "instances": [
        {
          "schema_version": 0,
          "attributes": {
            "id": "4363319531334705047",
            "triggers": null
          },
          "sensitive_attributes": [],
          "private": "bnVsbA==",
          "dependencies": [
            "module.mbaza_docker_swarm.data.linode_object_storage_cluster.primary",
            "module.mbaza_docker_swarm.linode_instance.mbaza_dev_docker_swarm_managers",
            "module.mbaza_docker_swarm.linode_object_storage_bucket.docker_swarm_bucket"
          ]
        }
      ]
    },
    {
      "module": "module.mbaza_docker_swarm",
      "mode": "managed",
      "type": "null_resource",
      "name": "init_workers",
      "provider": "provider[\"registry.terraform.io/hashicorp/null\"]",
      "instances": [
        {
          "index_key": 0,
          "schema_version": 0,
          "attributes": {
            "id": "7799660395257505667",
            "triggers": null
          },
          "sensitive_attributes": [],
          "private": "bnVsbA==",
          "dependencies": [
            "module.mbaza_docker_swarm.data.linode_object_storage_cluster.primary",
            "module.mbaza_docker_swarm.linode_instance.mbaza_dev_docker_swarm_managers",
            "module.mbaza_docker_swarm.linode_instance.mbaza_dev_docker_swarm_workers",
            "module.mbaza_docker_swarm.linode_object_storage_bucket.docker_swarm_bucket",
            "module.mbaza_docker_swarm.null_resource.init_swarm_leader"
          ]
        }
      ]
    }
  ]
}
